// !$*UTF8*$!
{
	archiveVersion = 1;
	classes = {
	};
	objectVersion = 50;
	objects = {

/* Begin PBXBuildFile section */
		94744D4623B2260600C82C77 /* AppDelegate.swift in Sources */ = {isa = PBXBuildFile; fileRef = 94744D4523B2260600C82C77 /* AppDelegate.swift */; };
		94744D4823B2260600C82C77 /* SceneDelegate.swift in Sources */ = {isa = PBXBuildFile; fileRef = 94744D4723B2260600C82C77 /* SceneDelegate.swift */; };
		94744D4A23B2260600C82C77 /* ContentView.swift in Sources */ = {isa = PBXBuildFile; fileRef = 94744D4923B2260600C82C77 /* ContentView.swift */; };
		94744D4C23B2260700C82C77 /* Assets.xcassets in Resources */ = {isa = PBXBuildFile; fileRef = 94744D4B23B2260700C82C77 /* Assets.xcassets */; };
		94744D4F23B2260700C82C77 /* Preview Assets.xcassets in Resources */ = {isa = PBXBuildFile; fileRef = 94744D4E23B2260700C82C77 /* Preview Assets.xcassets */; };
		94744D5223B2260700C82C77 /* LaunchScreen.storyboard in Resources */ = {isa = PBXBuildFile; fileRef = 94744D5023B2260700C82C77 /* LaunchScreen.storyboard */; };
		94744D5D23B2260700C82C77 /* AhlongTests.swift in Sources */ = {isa = PBXBuildFile; fileRef = 94744D5C23B2260700C82C77 /* AhlongTests.swift */; };
		94744D6823B2260700C82C77 /* AhlongUITests.swift in Sources */ = {isa = PBXBuildFile; fileRef = 94744D6723B2260700C82C77 /* AhlongUITests.swift */; };
/* End PBXBuildFile section */

/* Begin PBXContainerItemProxy section */
		94744D5923B2260700C82C77 /* PBXContainerItemProxy */ = {
			isa = PBXContainerItemProxy;
			containerPortal = 94744D3A23B2260600C82C77 /* Project object */;
			proxyType = 1;
			remoteGlobalIDString = 94744D4123B2260600C82C77;
			remoteInfo = Ahlong;
		};
		94744D6423B2260700C82C77 /* PBXContainerItemProxy */ = {
			isa = PBXContainerItemProxy;
			containerPortal = 94744D3A23B2260600C82C77 /* Project object */;
			proxyType = 1;
			remoteGlobalIDString = 94744D4123B2260600C82C77;
			remoteInfo = Ahlong;
		};
/* End PBXContainerItemProxy section */

/* Begin PBXFileReference section */
		94744D4223B2260600C82C77 /* Ahlong.app */ = {isa = PBXFileReference; explicitFileType = wrapper.application; includeInIndex = 0; path = Ahlong.app; sourceTree = BUILT_PRODUCTS_DIR; };
		94744D4523B2260600C82C77 /* AppDelegate.swift */ = {isa = PBXFileReference; lastKnownFileType = sourcecode.swift; path = AppDelegate.swift; sourceTree = "<group>"; };
		94744D4723B2260600C82C77 /* SceneDelegate.swift */ = {isa = PBXFileReference; lastKnownFileType = sourcecode.swift; path = SceneDelegate.swift; sourceTree = "<group>"; };
		94744D4923B2260600C82C77 /* ContentView.swift */ = {isa = PBXFileReference; lastKnownFileType = sourcecode.swift; path = ContentView.swift; sourceTree = "<group>"; };
		94744D4B23B2260700C82C77 /* Assets.xcassets */ = {isa = PBXFileReference; lastKnownFileType = folder.assetcatalog; path = Assets.xcassets; sourceTree = "<group>"; };
		94744D4E23B2260700C82C77 /* Preview Assets.xcassets */ = {isa = PBXFileReference; lastKnownFileType = folder.assetcatalog; path = "Preview Assets.xcassets"; sourceTree = "<group>"; };
		94744D5123B2260700C82C77 /* Base */ = {isa = PBXFileReference; lastKnownFileType = file.storyboard; name = Base; path = Base.lproj/LaunchScreen.storyboard; sourceTree = "<group>"; };
		94744D5323B2260700C82C77 /* Info.plist */ = {isa = PBXFileReference; lastKnownFileType = text.plist.xml; path = Info.plist; sourceTree = "<group>"; };
		94744D5823B2260700C82C77 /* AhlongTests.xctest */ = {isa = PBXFileReference; explicitFileType = wrapper.cfbundle; includeInIndex = 0; path = AhlongTests.xctest; sourceTree = BUILT_PRODUCTS_DIR; };
		94744D5C23B2260700C82C77 /* AhlongTests.swift */ = {isa = PBXFileReference; lastKnownFileType = sourcecode.swift; path = AhlongTests.swift; sourceTree = "<group>"; };
		94744D5E23B2260700C82C77 /* Info.plist */ = {isa = PBXFileReference; lastKnownFileType = text.plist.xml; path = Info.plist; sourceTree = "<group>"; };
		94744D6323B2260700C82C77 /* AhlongUITests.xctest */ = {isa = PBXFileReference; explicitFileType = wrapper.cfbundle; includeInIndex = 0; path = AhlongUITests.xctest; sourceTree = BUILT_PRODUCTS_DIR; };
		94744D6723B2260700C82C77 /* AhlongUITests.swift */ = {isa = PBXFileReference; lastKnownFileType = sourcecode.swift; path = AhlongUITests.swift; sourceTree = "<group>"; };
		94744D6923B2260700C82C77 /* Info.plist */ = {isa = PBXFileReference; lastKnownFileType = text.plist.xml; path = Info.plist; sourceTree = "<group>"; };
/* End PBXFileReference section */

/* Begin PBXFrameworksBuildPhase section */
		94744D3F23B2260600C82C77 /* Frameworks */ = {
			isa = PBXFrameworksBuildPhase;
			buildActionMask = 2147483647;
			files = (
			);
			runOnlyForDeploymentPostprocessing = 0;
		};
		94744D5523B2260700C82C77 /* Frameworks */ = {
			isa = PBXFrameworksBuildPhase;
			buildActionMask = 2147483647;
			files = (
			);
			runOnlyForDeploymentPostprocessing = 0;
		};
		94744D6023B2260700C82C77 /* Frameworks */ = {
			isa = PBXFrameworksBuildPhase;
			buildActionMask = 2147483647;
			files = (
			);
			runOnlyForDeploymentPostprocessing = 0;
		};
/* End PBXFrameworksBuildPhase section */

/* Begin PBXGroup section */
		94744D3923B2260600C82C77 = {
			isa = PBXGroup;
			children = (
				94744D4423B2260600C82C77 /* Ahlong */,
				94744D5B23B2260700C82C77 /* AhlongTests */,
				94744D6623B2260700C82C77 /* AhlongUITests */,
				94744D4323B2260600C82C77 /* Products */,
			);
			sourceTree = "<group>";
		};
		94744D4323B2260600C82C77 /* Products */ = {
			isa = PBXGroup;
			children = (
				94744D4223B2260600C82C77 /* Ahlong.app */,
				94744D5823B2260700C82C77 /* AhlongTests.xctest */,
				94744D6323B2260700C82C77 /* AhlongUITests.xctest */,
			);
			name = Products;
			sourceTree = "<group>";
		};
		94744D4423B2260600C82C77 /* Ahlong */ = {
			isa = PBXGroup;
			children = (
				94744D4523B2260600C82C77 /* AppDelegate.swift */,
				94744D4723B2260600C82C77 /* SceneDelegate.swift */,
				94744D4923B2260600C82C77 /* ContentView.swift */,
				94744D4B23B2260700C82C77 /* Assets.xcassets */,
				94744D5023B2260700C82C77 /* LaunchScreen.storyboard */,
				94744D5323B2260700C82C77 /* Info.plist */,
				94744D4D23B2260700C82C77 /* Preview Content */,
			);
			path = Ahlong;
			sourceTree = "<group>";
		};
		94744D4D23B2260700C82C77 /* Preview Content */ = {
			isa = PBXGroup;
			children = (
				94744D4E23B2260700C82C77 /* Preview Assets.xcassets */,
			);
			path = "Preview Content";
			sourceTree = "<group>";
		};
		94744D5B23B2260700C82C77 /* AhlongTests */ = {
			isa = PBXGroup;
			children = (
				94744D5C23B2260700C82C77 /* AhlongTests.swift */,
				94744D5E23B2260700C82C77 /* Info.plist */,
			);
			path = AhlongTests;
			sourceTree = "<group>";
		};
		94744D6623B2260700C82C77 /* AhlongUITests */ = {
			isa = PBXGroup;
			children = (
				94744D6723B2260700C82C77 /* AhlongUITests.swift */,
				94744D6923B2260700C82C77 /* Info.plist */,
			);
			path = AhlongUITests;
			sourceTree = "<group>";
		};
/* End PBXGroup section */

/* Begin PBXNativeTarget section */
		94744D4123B2260600C82C77 /* Ahlong */ = {
			isa = PBXNativeTarget;
			buildConfigurationList = 94744D6C23B2260700C82C77 /* Build configuration list for PBXNativeTarget "Ahlong" */;
			buildPhases = (
				94744D3E23B2260600C82C77 /* Sources */,
				94744D3F23B2260600C82C77 /* Frameworks */,
				94744D4023B2260600C82C77 /* Resources */,
			);
			buildRules = (
			);
			dependencies = (
			);
			name = Ahlong;
			productName = Ahlong;
			productReference = 94744D4223B2260600C82C77 /* Ahlong.app */;
			productType = "com.apple.product-type.application";
		};
		94744D5723B2260700C82C77 /* AhlongTests */ = {
			isa = PBXNativeTarget;
			buildConfigurationList = 94744D6F23B2260700C82C77 /* Build configuration list for PBXNativeTarget "AhlongTests" */;
			buildPhases = (
				94744D5423B2260700C82C77 /* Sources */,
				94744D5523B2260700C82C77 /* Frameworks */,
				94744D5623B2260700C82C77 /* Resources */,
			);
			buildRules = (
			);
			dependencies = (
				94744D5A23B2260700C82C77 /* PBXTargetDependency */,
			);
			name = AhlongTests;
			productName = AhlongTests;
			productReference = 94744D5823B2260700C82C77 /* AhlongTests.xctest */;
			productType = "com.apple.product-type.bundle.unit-test";
		};
		94744D6223B2260700C82C77 /* AhlongUITests */ = {
			isa = PBXNativeTarget;
			buildConfigurationList = 94744D7223B2260700C82C77 /* Build configuration list for PBXNativeTarget "AhlongUITests" */;
			buildPhases = (
				94744D5F23B2260700C82C77 /* Sources */,
				94744D6023B2260700C82C77 /* Frameworks */,
				94744D6123B2260700C82C77 /* Resources */,
			);
			buildRules = (
			);
			dependencies = (
				94744D6523B2260700C82C77 /* PBXTargetDependency */,
			);
			name = AhlongUITests;
			productName = AhlongUITests;
			productReference = 94744D6323B2260700C82C77 /* AhlongUITests.xctest */;
			productType = "com.apple.product-type.bundle.ui-testing";
		};
/* End PBXNativeTarget section */

/* Begin PBXProject section */
		94744D3A23B2260600C82C77 /* Project object */ = {
			isa = PBXProject;
			attributes = {
				LastSwiftUpdateCheck = 1130;
				LastUpgradeCheck = 1130;
				ORGANIZATIONNAME = Atown;
				TargetAttributes = {
					94744D4123B2260600C82C77 = {
						CreatedOnToolsVersion = 11.3;
					};
					94744D5723B2260700C82C77 = {
						CreatedOnToolsVersion = 11.3;
						TestTargetID = 94744D4123B2260600C82C77;
					};
					94744D6223B2260700C82C77 = {
						CreatedOnToolsVersion = 11.3;
						TestTargetID = 94744D4123B2260600C82C77;
					};
				};
			};
			buildConfigurationList = 94744D3D23B2260600C82C77 /* Build configuration list for PBXProject "Ahlong" */;
			compatibilityVersion = "Xcode 9.3";
			developmentRegion = en;
			hasScannedForEncodings = 0;
			knownRegions = (
				en,
				Base,
			);
			mainGroup = 94744D3923B2260600C82C77;
			productRefGroup = 94744D4323B2260600C82C77 /* Products */;
			projectDirPath = "";
			projectRoot = "";
			targets = (
				94744D4123B2260600C82C77 /* Ahlong */,
				94744D5723B2260700C82C77 /* AhlongTests */,
				94744D6223B2260700C82C77 /* AhlongUITests */,
			);
		};
/* End PBXProject section */

/* Begin PBXResourcesBuildPhase section */
		94744D4023B2260600C82C77 /* Resources */ = {
			isa = PBXResourcesBuildPhase;
			buildActionMask = 2147483647;
			files = (
				94744D5223B2260700C82C77 /* LaunchScreen.storyboard in Resources */,
				94744D4F23B2260700C82C77 /* Preview Assets.xcassets in Resources */,
				94744D4C23B2260700C82C77 /* Assets.xcassets in Resources */,
			);
			runOnlyForDeploymentPostprocessing = 0;
		};
		94744D5623B2260700C82C77 /* Resources */ = {
			isa = PBXResourcesBuildPhase;
			buildActionMask = 2147483647;
			files = (
			);
			runOnlyForDeploymentPostprocessing = 0;
		};
		94744D6123B2260700C82C77 /* Resources */ = {
			isa = PBXResourcesBuildPhase;
			buildActionMask = 2147483647;
			files = (
			);
			runOnlyForDeploymentPostprocessing = 0;
		};
/* End PBXResourcesBuildPhase section */

/* Begin PBXSourcesBuildPhase section */
		94744D3E23B2260600C82C77 /* Sources */ = {
			isa = PBXSourcesBuildPhase;
			buildActionMask = 2147483647;
			files = (
				94744D4623B2260600C82C77 /* AppDelegate.swift in Sources */,
				94744D4823B2260600C82C77 /* SceneDelegate.swift in Sources */,
				94744D4A23B2260600C82C77 /* ContentView.swift in Sources */,
			);
			runOnlyForDeploymentPostprocessing = 0;
		};
		94744D5423B2260700C82C77 /* Sources */ = {
			isa = PBXSourcesBuildPhase;
			buildActionMask = 2147483647;
			files = (
				94744D5D23B2260700C82C77 /* AhlongTests.swift in Sources */,
			);
			runOnlyForDeploymentPostprocessing = 0;
		};
		94744D5F23B2260700C82C77 /* Sources */ = {
			isa = PBXSourcesBuildPhase;
			buildActionMask = 2147483647;
			files = (
				94744D6823B2260700C82C77 /* AhlongUITests.swift in Sources */,
			);
			runOnlyForDeploymentPostprocessing = 0;
		};
/* End PBXSourcesBuildPhase section */

/* Begin PBXTargetDependency section */
		94744D5A23B2260700C82C77 /* PBXTargetDependency */ = {
			isa = PBXTargetDependency;
			target = 94744D4123B2260600C82C77 /* Ahlong */;
			targetProxy = 94744D5923B2260700C82C77 /* PBXContainerItemProxy */;
		};
		94744D6523B2260700C82C77 /* PBXTargetDependency */ = {
			isa = PBXTargetDependency;
			target = 94744D4123B2260600C82C77 /* Ahlong */;
			targetProxy = 94744D6423B2260700C82C77 /* PBXContainerItemProxy */;
		};
/* End PBXTargetDependency section */

/* Begin PBXVariantGroup section */
		94744D5023B2260700C82C77 /* LaunchScreen.storyboard */ = {
			isa = PBXVariantGroup;
			children = (
				94744D5123B2260700C82C77 /* Base */,
			);
			name = LaunchScreen.storyboard;
			sourceTree = "<group>";
		};
/* End PBXVariantGroup section */

/* Begin XCBuildConfiguration section */
		94744D6A23B2260700C82C77 /* Debug */ = {
			isa = XCBuildConfiguration;
			buildSettings = {
				ALWAYS_SEARCH_USER_PATHS = NO;
				CLANG_ANALYZER_NONNULL = YES;
				CLANG_ANALYZER_NUMBER_OBJECT_CONVERSION = YES_AGGRESSIVE;
				CLANG_CXX_LANGUAGE_STANDARD = "gnu++14";
				CLANG_CXX_LIBRARY = "libc++";
				CLANG_ENABLE_MODULES = YES;
				CLANG_ENABLE_OBJC_ARC = YES;
				CLANG_ENABLE_OBJC_WEAK = YES;
				CLANG_WARN_BLOCK_CAPTURE_AUTORELEASING = YES;
				CLANG_WARN_BOOL_CONVERSION = YES;
				CLANG_WARN_COMMA = YES;
				CLANG_WARN_CONSTANT_CONVERSION = YES;
				CLANG_WARN_DEPRECATED_OBJC_IMPLEMENTATIONS = YES;
				CLANG_WARN_DIRECT_OBJC_ISA_USAGE = YES_ERROR;
				CLANG_WARN_DOCUMENTATION_COMMENTS = YES;
				CLANG_WARN_EMPTY_BODY = YES;
				CLANG_WARN_ENUM_CONVERSION = YES;
				CLANG_WARN_INFINITE_RECURSION = YES;
				CLANG_WARN_INT_CONVERSION = YES;
				CLANG_WARN_NON_LITERAL_NULL_CONVERSION = YES;
				CLANG_WARN_OBJC_IMPLICIT_RETAIN_SELF = YES;
				CLANG_WARN_OBJC_LITERAL_CONVERSION = YES;
				CLANG_WARN_OBJC_ROOT_CLASS = YES_ERROR;
				CLANG_WARN_RANGE_LOOP_ANALYSIS = YES;
				CLANG_WARN_STRICT_PROTOTYPES = YES;
				CLANG_WARN_SUSPICIOUS_MOVE = YES;
				CLANG_WARN_UNGUARDED_AVAILABILITY = YES_AGGRESSIVE;
				CLANG_WARN_UNREACHABLE_CODE = YES;
				CLANG_WARN__DUPLICATE_METHOD_MATCH = YES;
				COPY_PHASE_STRIP = NO;
				DEBUG_INFORMATION_FORMAT = dwarf;
				ENABLE_STRICT_OBJC_MSGSEND = YES;
				ENABLE_TESTABILITY = YES;
				GCC_C_LANGUAGE_STANDARD = gnu11;
				GCC_DYNAMIC_NO_PIC = NO;
				GCC_NO_COMMON_BLOCKS = YES;
				GCC_OPTIMIZATION_LEVEL = 0;
				GCC_PREPROCESSOR_DEFINITIONS = (
					"DEBUG=1",
					"$(inherited)",
				);
				GCC_WARN_64_TO_32_BIT_CONVERSION = YES;
				GCC_WARN_ABOUT_RETURN_TYPE = YES_ERROR;
				GCC_WARN_UNDECLARED_SELECTOR = YES;
				GCC_WARN_UNINITIALIZED_AUTOS = YES_AGGRESSIVE;
				GCC_WARN_UNUSED_FUNCTION = YES;
				GCC_WARN_UNUSED_VARIABLE = YES;
				IPHONEOS_DEPLOYMENT_TARGET = 13.2;
				MTL_ENABLE_DEBUG_INFO = INCLUDE_SOURCE;
				MTL_FAST_MATH = YES;
				ONLY_ACTIVE_ARCH = YES;
				SDKROOT = iphoneos;
				SWIFT_ACTIVE_COMPILATION_CONDITIONS = DEBUG;
				SWIFT_OPTIMIZATION_LEVEL = "-Onone";
			};
			name = Debug;
		};
		94744D6B23B2260700C82C77 /* Release */ = {
			isa = XCBuildConfiguration;
			buildSettings = {
				ALWAYS_SEARCH_USER_PATHS = NO;
				CLANG_ANALYZER_NONNULL = YES;
				CLANG_ANALYZER_NUMBER_OBJECT_CONVERSION = YES_AGGRESSIVE;
				CLANG_CXX_LANGUAGE_STANDARD = "gnu++14";
				CLANG_CXX_LIBRARY = "libc++";
				CLANG_ENABLE_MODULES = YES;
				CLANG_ENABLE_OBJC_ARC = YES;
				CLANG_ENABLE_OBJC_WEAK = YES;
				CLANG_WARN_BLOCK_CAPTURE_AUTORELEASING = YES;
				CLANG_WARN_BOOL_CONVERSION = YES;
				CLANG_WARN_COMMA = YES;
				CLANG_WARN_CONSTANT_CONVERSION = YES;
				CLANG_WARN_DEPRECATED_OBJC_IMPLEMENTATIONS = YES;
				CLANG_WARN_DIRECT_OBJC_ISA_USAGE = YES_ERROR;
				CLANG_WARN_DOCUMENTATION_COMMENTS = YES;
				CLANG_WARN_EMPTY_BODY = YES;
				CLANG_WARN_ENUM_CONVERSION = YES;
				CLANG_WARN_INFINITE_RECURSION = YES;
				CLANG_WARN_INT_CONVERSION = YES;
				CLANG_WARN_NON_LITERAL_NULL_CONVERSION = YES;
				CLANG_WARN_OBJC_IMPLICIT_RETAIN_SELF = YES;
				CLANG_WARN_OBJC_LITERAL_CONVERSION = YES;
				CLANG_WARN_OBJC_ROOT_CLASS = YES_ERROR;
				CLANG_WARN_RANGE_LOOP_ANALYSIS = YES;
				CLANG_WARN_STRICT_PROTOTYPES = YES;
				CLANG_WARN_SUSPICIOUS_MOVE = YES;
				CLANG_WARN_UNGUARDED_AVAILABILITY = YES_AGGRESSIVE;
				CLANG_WARN_UNREACHABLE_CODE = YES;
				CLANG_WARN__DUPLICATE_METHOD_MATCH = YES;
				COPY_PHASE_STRIP = NO;
				DEBUG_INFORMATION_FORMAT = "dwarf-with-dsym";
				ENABLE_NS_ASSERTIONS = NO;
				ENABLE_STRICT_OBJC_MSGSEND = YES;
				GCC_C_LANGUAGE_STANDARD = gnu11;
				GCC_NO_COMMON_BLOCKS = YES;
				GCC_WARN_64_TO_32_BIT_CONVERSION = YES;
				GCC_WARN_ABOUT_RETURN_TYPE = YES_ERROR;
				GCC_WARN_UNDECLARED_SELECTOR = YES;
				GCC_WARN_UNINITIALIZED_AUTOS = YES_AGGRESSIVE;
				GCC_WARN_UNUSED_FUNCTION = YES;
				GCC_WARN_UNUSED_VARIABLE = YES;
				IPHONEOS_DEPLOYMENT_TARGET = 13.2;
				MTL_ENABLE_DEBUG_INFO = NO;
				MTL_FAST_MATH = YES;
				SDKROOT = iphoneos;
				SWIFT_COMPILATION_MODE = wholemodule;
				SWIFT_OPTIMIZATION_LEVEL = "-O";
				VALIDATE_PRODUCT = YES;
			};
			name = Release;
		};
		94744D6D23B2260700C82C77 /* Debug */ = {
			isa = XCBuildConfiguration;
			buildSettings = {
				ASSETCATALOG_COMPILER_APPICON_NAME = AppIcon;
				CODE_SIGN_STYLE = Automatic;
				DEVELOPMENT_ASSET_PATHS = "\"Ahlong/Preview Content\"";
				ENABLE_PREVIEWS = YES;
				INFOPLIST_FILE = Ahlong/Info.plist;
				LD_RUNPATH_SEARCH_PATHS = (
					"$(inherited)",
					"@executable_path/Frameworks",
				);
				PRODUCT_BUNDLE_IDENTIFIER = Swoboo.Ahlong;
				PRODUCT_NAME = "$(TARGET_NAME)";
				SWIFT_VERSION = 5.0;
				TARGETED_DEVICE_FAMILY = "1,2";
			};
			name = Debug;
		};
		94744D6E23B2260700C82C77 /* Release */ = {
			isa = XCBuildConfiguration;
			buildSettings = {
				ASSETCATALOG_COMPILER_APPICON_NAME = AppIcon;
				CODE_SIGN_STYLE = Automatic;
				DEVELOPMENT_ASSET_PATHS = "\"Ahlong/Preview Content\"";
				ENABLE_PREVIEWS = YES;
				INFOPLIST_FILE = Ahlong/Info.plist;
				LD_RUNPATH_SEARCH_PATHS = (
					"$(inherited)",
					"@executable_path/Frameworks",
				);
				PRODUCT_BUNDLE_IDENTIFIER = Swoboo.Ahlong;
				PRODUCT_NAME = "$(TARGET_NAME)";
				SWIFT_VERSION = 5.0;
				TARGETED_DEVICE_FAMILY = "1,2";
			};
			name = Release;
		};
		94744D7023B2260700C82C77 /* Debug */ = {
			isa = XCBuildConfiguration;
			buildSettings = {
				ALWAYS_EMBED_SWIFT_STANDARD_LIBRARIES = YES;
				BUNDLE_LOADER = "$(TEST_HOST)";
				CODE_SIGN_STYLE = Automatic;
				INFOPLIST_FILE = AhlongTests/Info.plist;
				IPHONEOS_DEPLOYMENT_TARGET = 13.2;
				LD_RUNPATH_SEARCH_PATHS = (
					"$(inherited)",
					"@executable_path/Frameworks",
					"@loader_path/Frameworks",
				);
				PRODUCT_BUNDLE_IDENTIFIER = Swoboo.AhlongTests;
				PRODUCT_NAME = "$(TARGET_NAME)";
				SWIFT_VERSION = 5.0;
				TARGETED_DEVICE_FAMILY = "1,2";
				TEST_HOST = "$(BUILT_PRODUCTS_DIR)/Ahlong.app/Ahlong";
			};
			name = Debug;
		};
		94744D7123B2260700C82C77 /* Release */ = {
			isa = XCBuildConfiguration;
			buildSettings = {
				ALWAYS_EMBED_SWIFT_STANDARD_LIBRARIES = YES;
				BUNDLE_LOADER = "$(TEST_HOST)";
				CODE_SIGN_STYLE = Automatic;
				INFOPLIST_FILE = AhlongTests/Info.plist;
				IPHONEOS_DEPLOYMENT_TARGET = 13.2;
				LD_RUNPATH_SEARCH_PATHS = (
					"$(inherited)",
					"@executable_path/Frameworks",
					"@loader_path/Frameworks",
				);
				PRODUCT_BUNDLE_IDENTIFIER = Swoboo.AhlongTests;
				PRODUCT_NAME = "$(TARGET_NAME)";
				SWIFT_VERSION = 5.0;
				TARGETED_DEVICE_FAMILY = "1,2";
				TEST_HOST = "$(BUILT_PRODUCTS_DIR)/Ahlong.app/Ahlong";
			};
			name = Release;
		};
		94744D7323B2260700C82C77 /* Debug */ = {
			isa = XCBuildConfiguration;
			buildSettings = {
				ALWAYS_EMBED_SWIFT_STANDARD_LIBRARIES = YES;
				CODE_SIGN_STYLE = Automatic;
				INFOPLIST_FILE = AhlongUITests/Info.plist;
				LD_RUNPATH_SEARCH_PATHS = (
					"$(inherited)",
					"@executable_path/Frameworks",
					"@loader_path/Frameworks",
				);
				PRODUCT_BUNDLE_IDENTIFIER = Swoboo.AhlongUITests;
				PRODUCT_NAME = "$(TARGET_NAME)";
				SWIFT_VERSION = 5.0;
				TARGETED_DEVICE_FAMILY = "1,2";
				TEST_TARGET_NAME = Ahlong;
			};
			name = Debug;
		};
		94744D7423B2260700C82C77 /* Release */ = {
			isa = XCBuildConfiguration;
			buildSettings = {
				ALWAYS_EMBED_SWIFT_STANDARD_LIBRARIES = YES;
				CODE_SIGN_STYLE = Automatic;
				INFOPLIST_FILE = AhlongUITests/Info.plist;
				LD_RUNPATH_SEARCH_PATHS = (
					"$(inherited)",
					"@executable_path/Frameworks",
					"@loader_path/Frameworks",
				);
				PRODUCT_BUNDLE_IDENTIFIER = Swoboo.AhlongUITests;
				PRODUCT_NAME = "$(TARGET_NAME)";
				SWIFT_VERSION = 5.0;
				TARGETED_DEVICE_FAMILY = "1,2";
				TEST_TARGET_NAME = Ahlong;
			};
			name = Release;
		};
/* End XCBuildConfiguration section */

/* Begin XCConfigurationList section */
		94744D3D23B2260600C82C77 /* Build configuration list for PBXProject "Ahlong" */ = {
			isa = XCConfigurationList;
			buildConfigurations = (
				94744D6A23B2260700C82C77 /* Debug */,
				94744D6B23B2260700C82C77 /* Release */,
			);
			defaultConfigurationIsVisible = 0;
			defaultConfigurationName = Release;
		};
		94744D6C23B2260700C82C77 /* Build configuration list for PBXNativeTarget "Ahlong" */ = {
			isa = XCConfigurationList;
			buildConfigurations = (
				94744D6D23B2260700C82C77 /* Debug */,
				94744D6E23B2260700C82C77 /* Release */,
			);
			defaultConfigurationIsVisible = 0;
			defaultConfigurationName = Release;
		};
		94744D6F23B2260700C82C77 /* Build configuration list for PBXNativeTarget "AhlongTests" */ = {
			isa = XCConfigurationList;
			buildConfigurations = (
				94744D7023B2260700C82C77 /* Debug */,
				94744D7123B2260700C82C77 /* Release */,
			);
			defaultConfigurationIsVisible = 0;
			defaultConfigurationName = Release;
		};
		94744D7223B2260700C82C77 /* Build configuration list for PBXNativeTarget "AhlongUITests" */ = {
			isa = XCConfigurationList;
			buildConfigurations = (
				94744D7323B2260700C82C77 /* Debug */,
				94744D7423B2260700C82C77 /* Release */,
			);
			defaultConfigurationIsVisible = 0;
			defaultConfigurationName = Release;
		};
/* End XCConfigurationList section */
	};
	rootObject = 94744D3A23B2260600C82C77 /* Project object */;
}
